
Microsoft Visual Studio Solution File, Format Version 12.00
# Visual Studio Version 17
VisualStudioVersion = 17.14.37216.2 d17.14
MinimumVisualStudioVersion = 10.0.40219.1
Project("{FAE04EC0-301F-11D3-BF4B-00C04F79EFBC}") = "Conversor de moedas", "Conversor de moedas.csproj", "{B0DE24DA-EC73-4ABF-A216-41B7B23E40FF}"
EndProject
Global
	GlobalSection(SolutionConfigurationPlatforms) = preSolution
		Debug|Any CPU = Debug|Any CPU
		Release|Any CPU = Release|Any CPU
	EndGlobalSection
	GlobalSection(ProjectConfigurationPlatforms) = postSolution
		{B0DE24DA-EC73-4ABF-A216-41B7B23E40FF}.Debug|Any CPU.ActiveCfg = Debug|Any CPU
		{B0DE24DA-EC73-4ABF-A216-41B7B23E40FF}.Debug|Any CPU.Build.0 = Debug|Any CPU
		{B0DE24DA-EC73-4ABF-A216-41B7B23E40FF}.Release|Any CPU.ActiveCfg = Release|Any CPU
		{B0DE24DA-EC73-4ABF-A216-41B7B23E40FF}.Release|Any CPU.Build.0 = Release|Any CPU
	EndGlobalSection
	GlobalSection(SolutionProperties) = preSolution
		HideSolutionNode = FALSE
	EndGlobalSection
	GlobalSection(ExtensibilityGlobals) = postSolution
		SolutionGuid = {73A8F731-F6BE-4C0C-8D94-6D1BDDDEB01E}
	EndGlobalSection
EndGlobal
